
Microsoft Visual Studio Solution File, Format Version 12.00
# Visual Studio Version 17
VisualStudioVersion = 17.0.32014.148
MinimumVisualStudioVersion = 10.0.40219.1
Project("{FAE04EC0-301F-11D3-BF4B-00C04F79EFBC}") = "TheCalc", "TheCalc\TheCalc.csproj", "{3958A53A-F2EC-4EA9-B734-F52B5EFAA1E6}"
EndProject
Global
	GlobalSection(SolutionConfigurationPlatforms) = preSolution
		Debug|Any CPU = Debug|Any CPU
		Release|Any CPU = Release|Any CPU
	EndGlobalSection
	GlobalSection(ProjectConfigurationPlatforms) = postSolution
		{3958A53A-F2EC-4EA9-B734-F52B5EFAA1E6}.Debug|Any CPU.ActiveCfg = Debug|Any CPU
		{3958A53A-F2EC-4EA9-B734-F52B5EFAA1E6}.Debug|Any CPU.Build.0 = Debug|Any CPU
		{3958A53A-F2EC-4EA9-B734-F52B5EFAA1E6}.Release|Any CPU.ActiveCfg = Release|Any CPU
		{3958A53A-F2EC-4EA9-B734-F52B5EFAA1E6}.Release|Any CPU.Build.0 = Release|Any CPU
	EndGlobalSection
	GlobalSection(SolutionProperties) = preSolution
		HideSolutionNode = FALSE
	EndGlobalSection
	GlobalSection(ExtensibilityGlobals) = postSolution
		SolutionGuid = {FC5A5932-A1AD-46A1-951A-77E70C08D6F8}
	EndGlobalSection
EndGlobal
