
Microsoft Visual Studio Solution File, Format Version 12.00
# Visual Studio Version 17
VisualStudioVersion = 17.5.002.0
MinimumVisualStudioVersion = 10.0.40219.1
Project("{9A19103F-16F7-4668-BE54-9A1E7A4F7556}") = "Sheet 2", "Sheet 2.csproj", "{4FFB5589-42DF-476B-A7D9-372E0C56CB7B}"
EndProject
Global
	GlobalSection(SolutionConfigurationPlatforms) = preSolution
		Debug|Any CPU = Debug|Any CPU
		Release|Any CPU = Release|Any CPU
	EndGlobalSection
	GlobalSection(ProjectConfigurationPlatforms) = postSolution
		{4FFB5589-42DF-476B-A7D9-372E0C56CB7B}.Debug|Any CPU.ActiveCfg = Debug|Any CPU
		{4FFB5589-42DF-476B-A7D9-372E0C56CB7B}.Debug|Any CPU.Build.0 = Debug|Any CPU
		{4FFB5589-42DF-476B-A7D9-372E0C56CB7B}.Release|Any CPU.ActiveCfg = Release|Any CPU
		{4FFB5589-42DF-476B-A7D9-372E0C56CB7B}.Release|Any CPU.Build.0 = Release|Any CPU
	EndGlobalSection
	GlobalSection(SolutionProperties) = preSolution
		HideSolutionNode = FALSE
	EndGlobalSection
	GlobalSection(ExtensibilityGlobals) = postSolution
		SolutionGuid = {1FBFC703-DC99-4A6B-B44C-E671A2DE5893}
	EndGlobalSection
EndGlobal
