
Microsoft Visual Studio Solution File, Format Version 12.00
# Visual Studio Version 17
VisualStudioVersion = 17.0.32014.148
MinimumVisualStudioVersion = 10.0.40219.1
Project("{FAE04EC0-301F-11D3-BF4B-00C04F79EFBC}") = "TheStudentDegree", "TheStudentDegree\TheStudentDegree.csproj", "{9618D7FE-E3B3-4495-9883-0690A3AEBFAE}"
EndProject
Global
	GlobalSection(SolutionConfigurationPlatforms) = preSolution
		Debug|Any CPU = Debug|Any CPU
		Release|Any CPU = Release|Any CPU
	EndGlobalSection
	GlobalSection(ProjectConfigurationPlatforms) = postSolution
		{9618D7FE-E3B3-4495-9883-0690A3AEBFAE}.Debug|Any CPU.ActiveCfg = Debug|Any CPU
		{9618D7FE-E3B3-4495-9883-0690A3AEBFAE}.Debug|Any CPU.Build.0 = Debug|Any CPU
		{9618D7FE-E3B3-4495-9883-0690A3AEBFAE}.Release|Any CPU.ActiveCfg = Release|Any CPU
		{9618D7FE-E3B3-4495-9883-0690A3AEBFAE}.Release|Any CPU.Build.0 = Release|Any CPU
	EndGlobalSection
	GlobalSection(SolutionProperties) = preSolution
		HideSolutionNode = FALSE
	EndGlobalSection
	GlobalSection(ExtensibilityGlobals) = postSolution
		SolutionGuid = {4AFA5E0A-9776-41E9-AEF0-3B123DEA53CA}
	EndGlobalSection
EndGlobal
