Microsoft Visual Studio Solution File, Format Version 12.00
# Visual Studio Version 17
VisualStudioVersion = 17.5.2.0
MinimumVisualStudioVersion = 10.0.40219.1
Project("{FAE04EC0-301F-11D3-BF4B-00C04F79EFBC}") = "Sheet 5", "Sheet 5.csproj", "{485B5086-2CD9-19E6-FBEA-B394BD9A1250}"
EndProject
Global
	GlobalSection(SolutionConfigurationPlatforms) = preSolution
		Debug|Any CPU = Debug|Any CPU
		Release|Any CPU = Release|Any CPU
	EndGlobalSection
	GlobalSection(ProjectConfigurationPlatforms) = postSolution
		{485B5086-2CD9-19E6-FBEA-B394BD9A1250}.Debug|Any CPU.ActiveCfg = Debug|Any CPU
		{485B5086-2CD9-19E6-FBEA-B394BD9A1250}.Debug|Any CPU.Build.0 = Debug|Any CPU
		{485B5086-2CD9-19E6-FBEA-B394BD9A1250}.Release|Any CPU.ActiveCfg = Release|Any CPU
		{485B5086-2CD9-19E6-FBEA-B394BD9A1250}.Release|Any CPU.Build.0 = Release|Any CPU
	EndGlobalSection
	GlobalSection(SolutionProperties) = preSolution
		HideSolutionNode = FALSE
	EndGlobalSection
	GlobalSection(ExtensibilityGlobals) = postSolution
		SolutionGuid = {A14BE756-57DC-4E80-A366-28C790E4AE1F}
	EndGlobalSection
EndGlobal
