
Microsoft Visual Studio Solution File, Format Version 12.00
# Visual Studio Version 17
VisualStudioVersion = 17.0.32014.148
MinimumVisualStudioVersion = 10.0.40219.1
Project("{FAE04EC0-301F-11D3-BF4B-00C04F79EFBC}") = "CalculateCircle", "CalculateCircle\CalculateCircle.csproj", "{B3581E5D-DBA5-4DB2-B8A8-FD17B49385E9}"
EndProject
Global
	GlobalSection(SolutionConfigurationPlatforms) = preSolution
		Debug|Any CPU = Debug|Any CPU
		Release|Any CPU = Release|Any CPU
	EndGlobalSection
	GlobalSection(ProjectConfigurationPlatforms) = postSolution
		{B3581E5D-DBA5-4DB2-B8A8-FD17B49385E9}.Debug|Any CPU.ActiveCfg = Debug|Any CPU
		{B3581E5D-DBA5-4DB2-B8A8-FD17B49385E9}.Debug|Any CPU.Build.0 = Debug|Any CPU
		{B3581E5D-DBA5-4DB2-B8A8-FD17B49385E9}.Release|Any CPU.ActiveCfg = Release|Any CPU
		{B3581E5D-DBA5-4DB2-B8A8-FD17B49385E9}.Release|Any CPU.Build.0 = Release|Any CPU
	EndGlobalSection
	GlobalSection(SolutionProperties) = preSolution
		HideSolutionNode = FALSE
	EndGlobalSection
	GlobalSection(ExtensibilityGlobals) = postSolution
		SolutionGuid = {38C44961-BE24-4C42-A90E-6AB49AD57A07}
	EndGlobalSection
EndGlobal
