
Microsoft Visual Studio Solution File, Format Version 12.00
# Visual Studio Version 17
VisualStudioVersion = 17.5.002.0
MinimumVisualStudioVersion = 10.0.40219.1
Project("{9A19103F-16F7-4668-BE54-9A1E7A4F7556}") = "Sheet 10", "Sheet 10.csproj", "{AA07CC5F-5051-403F-9AE3-0CBF51D1CCF9}"
EndProject
Global
	GlobalSection(SolutionConfigurationPlatforms) = preSolution
		Debug|Any CPU = Debug|Any CPU
		Release|Any CPU = Release|Any CPU
	EndGlobalSection
	GlobalSection(ProjectConfigurationPlatforms) = postSolution
		{AA07CC5F-5051-403F-9AE3-0CBF51D1CCF9}.Debug|Any CPU.ActiveCfg = Debug|Any CPU
		{AA07CC5F-5051-403F-9AE3-0CBF51D1CCF9}.Debug|Any CPU.Build.0 = Debug|Any CPU
		{AA07CC5F-5051-403F-9AE3-0CBF51D1CCF9}.Release|Any CPU.ActiveCfg = Release|Any CPU
		{AA07CC5F-5051-403F-9AE3-0CBF51D1CCF9}.Release|Any CPU.Build.0 = Release|Any CPU
	EndGlobalSection
	GlobalSection(SolutionProperties) = preSolution
		HideSolutionNode = FALSE
	EndGlobalSection
	GlobalSection(ExtensibilityGlobals) = postSolution
		SolutionGuid = {CDE15D71-5CEC-49DC-827C-1271EFFF7D57}
	EndGlobalSection
EndGlobal
