
Microsoft Visual Studio Solution File, Format Version 12.00
# Visual Studio Version 17
VisualStudioVersion = 17.5.002.0
MinimumVisualStudioVersion = 10.0.40219.1
Project("{9A19103F-16F7-4668-BE54-9A1E7A4F7556}") = "Sheet 4", "Sheet 4.csproj", "{44B03FAA-0C0F-4FC3-BA7B-99B967B830BE}"
EndProject
Global
	GlobalSection(SolutionConfigurationPlatforms) = preSolution
		Debug|Any CPU = Debug|Any CPU
		Release|Any CPU = Release|Any CPU
	EndGlobalSection
	GlobalSection(ProjectConfigurationPlatforms) = postSolution
		{44B03FAA-0C0F-4FC3-BA7B-99B967B830BE}.Debug|Any CPU.ActiveCfg = Debug|Any CPU
		{44B03FAA-0C0F-4FC3-BA7B-99B967B830BE}.Debug|Any CPU.Build.0 = Debug|Any CPU
		{44B03FAA-0C0F-4FC3-BA7B-99B967B830BE}.Release|Any CPU.ActiveCfg = Release|Any CPU
		{44B03FAA-0C0F-4FC3-BA7B-99B967B830BE}.Release|Any CPU.Build.0 = Release|Any CPU
	EndGlobalSection
	GlobalSection(SolutionProperties) = preSolution
		HideSolutionNode = FALSE
	EndGlobalSection
	GlobalSection(ExtensibilityGlobals) = postSolution
		SolutionGuid = {02D6C7D8-DDFF-4570-AD4B-F2984B4C5437}
	EndGlobalSection
EndGlobal
